{
  "name": "web-development-course",
  "version": "2.0.0",
  "lockfileVersion": 1,
  "requires": true,
  "dependencies": {
    "balanced-match": {
      "version": "1.0.0",
      "resolved": "https://registry.npmjs.org/balanced-match/-/balanced-match-1.0.0.tgz",
      "integrity": "sha1-ibTRmasr7kneFk6gK4nORi1xt2c="
    },
    "brace-expansion": {
      "version": "1.1.11",
      "resolved": "https://registry.npmjs.org/brace-expansion/-/brace-expansion-1.1.11.tgz",
      "integrity": "sha512-iCuPHDFgrHX7H2vEI/5xpz07zSHB00TpugqhmYtVmMO6518mCuRMoOYFldEBl0g187ufozdaHgWKcYFb61qGiA==",
      "requires": {
        "balanced-match": "^1.0.0",
        "concat-map": "0.0.1"
      }
    },
    "coa": {
      "version": "0.4.1",
      "resolved": "https://registry.npmjs.org/coa/-/coa-0.4.1.tgz",
      "integrity": "sha1-uvb0nHrZ8gxZevObP8HlCQ/og4s=",
      "requires": {
        "q": "~0.9.6"
      }
    },
    "colors": {
      "version": "1.0.3",
      "resolved": "https://registry.npmjs.org/colors/-/colors-1.0.3.tgz",
      "integrity": "sha1-BDP0TYCWgP3rYO0mDxsMJi6CpAs="
    },
    "concat-map": {
      "version": "0.0.1",
      "resolved": "https://registry.npmjs.org/concat-map/-/concat-map-0.0.1.tgz",
      "integrity": "sha1-2Klr13/Wjfd5OnMDajug1UBdR3s="
    },
    "glob": {
      "version": "4.5.3",
      "resolved": "https://registry.npmjs.org/glob/-/glob-4.5.3.tgz",
      "integrity": "sha1-xstz0yJsHv7wTePFbQEvAzd+4V8=",
      "requires": {
        "inflight": "^1.0.4",
        "inherits": "2",
        "minimatch": "^2.0.1",
        "once": "^1.3.0"
      }
    },
    "inflight": {
      "version": "1.0.6",
      "resolved": "https://registry.npmjs.org/inflight/-/inflight-1.0.6.tgz",
      "integrity": "sha1-Sb1jMdfQLQwJvJEKEHW6gWW1bfk=",
      "requires": {
        "once": "^1.3.0",
        "wrappy": "1"
      }
    },
    "inherit": {
      "version": "2.2.2",
      "resolved": "https://registry.npmjs.org/inherit/-/inherit-2.2.2.tgz",
      "integrity": "sha1-O1s0F9Q0+BojTWj3lhJhXkFiRKM="
    },
    "inherits": {
      "version": "2.0.4",
      "resolved": "https://registry.npmjs.org/inherits/-/inherits-2.0.4.tgz",
      "integrity": "sha512-k/vGaX4/Yla3WzyMCvTQOXYeIHvqOKtnqBduzTHpzpQZzAskKMhZ2K+EnBiSM9zGSoIFeMpXKxa4dYeZIQqewQ=="
    },
    "lodash": {
      "version": "3.0.1",
      "resolved": "https://registry.npmjs.org/lodash/-/lodash-3.0.1.tgz",
      "integrity": "sha1-FNSQKKOLx0AkHRHi7NV+wG1zwZo="
    },
    "marked": {
      "version": "0.3.3",
      "resolved": "https://registry.npmjs.org/marked/-/marked-0.3.3.tgz",
      "integrity": "sha1-CLrZysE3NvbM7dwgI0TxsL8lU5A="
    },
    "minimatch": {
      "version": "2.0.10",
      "resolved": "https://registry.npmjs.org/minimatch/-/minimatch-2.0.10.tgz",
      "integrity": "sha1-jQh8OcazjAAbl/ynzm0OHoCvusc=",
      "requires": {
        "brace-expansion": "^1.0.0"
      }
    },
    "node-uuid": {
      "version": "1.4.8",
      "resolved": "https://registry.npmjs.org/node-uuid/-/node-uuid-1.4.8.tgz",
      "integrity": "sha1-sEDrCSOWivq/jTL7HxfxFn/auQc="
    },
    "once": {
      "version": "1.4.0",
      "resolved": "https://registry.npmjs.org/once/-/once-1.4.0.tgz",
      "integrity": "sha1-WDsap3WWHUsROsF9nFC6753Xa9E=",
      "requires": {
        "wrappy": "1"
      }
    },
    "parse5": {
      "version": "2.1.5",
      "resolved": "https://registry.npmjs.org/parse5/-/parse5-2.1.5.tgz",
      "integrity": "sha1-eoZ3reJd2sBCN5Bfe+VGRVctzwU="
    },
    "q": {
      "version": "0.9.7",
      "resolved": "https://registry.npmjs.org/q/-/q-0.9.7.tgz",
      "integrity": "sha1-TeLmyzspCIyeTLwDv51C+5bOL3U="
    },
    "toc-md": {
      "version": "0.2.0",
      "resolved": "https://registry.npmjs.org/toc-md/-/toc-md-0.2.0.tgz",
      "integrity": "sha1-uBZtRXca1g3YPgkchpoAvUUsba0=",
      "requires": {
        "coa": "0.4.1",
        "colors": "1.0.3",
        "inherit": "2.2.2",
        "lodash": "3.0.1",
        "marked": "0.3.3",
        "parse5": "2.1.5",
        "vow-fs": "0.3.4",
        "vow-node": "0.2.1"
      }
    },
    "vow": {
      "version": "0.4.20",
      "resolved": "https://registry.npmjs.org/vow/-/vow-0.4.20.tgz",
      "integrity": "sha512-YYoSYXUYABqY08D/WrjcWJxJSErcILRRTQpcPyUc0SFfgIPKSUFzVt7u1HC3TXGJZM/qhsSjCLNQstxqf7asgQ=="
    },
    "vow-fs": {
      "version": "0.3.4",
      "resolved": "https://registry.npmjs.org/vow-fs/-/vow-fs-0.3.4.tgz",
      "integrity": "sha1-vzq9QvPM85VUUljg7QhmlWIpevI=",
      "requires": {
        "glob": "^4.3.1",
        "node-uuid": "^1.4.2",
        "vow": "^0.4.7",
        "vow-queue": "^0.4.1"
      }
    },
    "vow-node": {
      "version": "0.2.1",
      "resolved": "https://registry.npmjs.org/vow-node/-/vow-node-0.2.1.tgz",
      "integrity": "sha1-tj9x+6YRFeuqkZ9izc+89G/bmaE="
    },
    "vow-queue": {
      "version": "0.4.3",
      "resolved": "https://registry.npmjs.org/vow-queue/-/vow-queue-0.4.3.tgz",
      "integrity": "sha512-/poAKDTFL3zYbeQg7cl4BGcfP4sGgXKrHnRFSKj97dteUFu8oyXMwIcdwu8NSx/RmPGIuYx1Bik/y5vU4H/VKw==",
      "requires": {
        "vow": "^0.4.17"
      }
    },
    "wrappy": {
      "version": "1.0.2",
      "resolved": "https://registry.npmjs.org/wrappy/-/wrappy-1.0.2.tgz",
      "integrity": "sha1-tSQ9jz7BqjXxNkYFvA0QNuMKtp8="
    }
  }
}
